
Microsoft Visual Studio Solution File, Format Version 11.00
# Visual Studio 2010
# SharpDevelop 5.1
Project("{FAE04EC0-301F-11D3-BF4B-00C04F79EFBC}") = "Counter", "Counter\Counter.csproj", "{6631EC82-77A2-42DF-B202-CD8E4BD5387B}"
EndProject
Global
	GlobalSection(SolutionConfigurationPlatforms) = preSolution
		Debug|Any CPU = Debug|Any CPU
		Release|Any CPU = Release|Any CPU
	EndGlobalSection
	GlobalSection(ProjectConfigurationPlatforms) = postSolution
		{6631EC82-77A2-42DF-B202-CD8E4BD5387B}.Debug|Any CPU.ActiveCfg = Debug|Any CPU
		{6631EC82-77A2-42DF-B202-CD8E4BD5387B}.Debug|Any CPU.Build.0 = Debug|Any CPU
		{6631EC82-77A2-42DF-B202-CD8E4BD5387B}.Release|Any CPU.ActiveCfg = Release|Any CPU
		{6631EC82-77A2-42DF-B202-CD8E4BD5387B}.Release|Any CPU.Build.0 = Release|Any CPU
	EndGlobalSection
EndGlobal
